// !$*UTF8*$!
{
	archiveVersion = 1;
	classes = {
	};
	objectVersion = 50;
	objects = {

/* Begin PBXBuildFile section */
		BD1E1CEC257F8133004A4FBF /* AppDelegate.swift in Sources */ = {isa = PBXBuildFile; fileRef = BD1E1CEB257F8133004A4FBF /* AppDelegate.swift */; };
		BD1E1CEE257F8133004A4FBF /* SceneDelegate.swift in Sources */ = {isa = PBXBuildFile; fileRef = BD1E1CED257F8133004A4FBF /* SceneDelegate.swift */; };
		BD1E1CF5257F8133004A4FBF /* Assets.xcassets in Resources */ = {isa = PBXBuildFile; fileRef = BD1E1CF4257F8133004A4FBF /* Assets.xcassets */; };
		BD1E1CF8257F8133004A4FBF /* LaunchScreen.storyboard in Resources */ = {isa = PBXBuildFile; fileRef = BD1E1CF6257F8133004A4FBF /* LaunchScreen.storyboard */; };
		CEE123ED257FC70A00A669F6 /* Main.storyboard in Resources */ = {isa = PBXBuildFile; fileRef = CEE123EC257FC70A00A669F6 /* Main.storyboard */; };
		CEE123F2257FCD9000A669F6 /* menuCollectionViewCell.swift in Sources */ = {isa = PBXBuildFile; fileRef = CEE123F0257FCD9000A669F6 /* menuCollectionViewCell.swift */; };
		CEE123F3257FCD9000A669F6 /* menuCollectionViewCell.xib in Resources */ = {isa = PBXBuildFile; fileRef = CEE123F1257FCD9000A669F6 /* menuCollectionViewCell.xib */; };
		CEE123F6257FCEAE00A669F6 /* HomeViewController.swift in Sources */ = {isa = PBXBuildFile; fileRef = CEE123F5257FCEAE00A669F6 /* HomeViewController.swift */; };
		CEE123FA257FDFD100A669F6 /* detailTableViewCell.swift in Sources */ = {isa = PBXBuildFile; fileRef = CEE123F8257FDFD100A669F6 /* detailTableViewCell.swift */; };
		CEE123FB257FDFD100A669F6 /* detailTableViewCell.xib in Resources */ = {isa = PBXBuildFile; fileRef = CEE123F9257FDFD100A669F6 /* detailTableViewCell.xib */; };
/* End PBXBuildFile section */

/* Begin PBXFileReference section */
		BD1E1CE8257F8133004A4FBF /* Supermarket.app */ = {isa = PBXFileReference; explicitFileType = wrapper.application; includeInIndex = 0; path = Supermarket.app; sourceTree = BUILT_PRODUCTS_DIR; };
		BD1E1CEB257F8133004A4FBF /* AppDelegate.swift */ = {isa = PBXFileReference; lastKnownFileType = sourcecode.swift; path = AppDelegate.swift; sourceTree = "<group>"; };
		BD1E1CED257F8133004A4FBF /* SceneDelegate.swift */ = {isa = PBXFileReference; lastKnownFileType = sourcecode.swift; path = SceneDelegate.swift; sourceTree = "<group>"; };
		BD1E1CF4257F8133004A4FBF /* Assets.xcassets */ = {isa = PBXFileReference; lastKnownFileType = folder.assetcatalog; path = Assets.xcassets; sourceTree = "<group>"; };
		BD1E1CF7257F8133004A4FBF /* Base */ = {isa = PBXFileReference; lastKnownFileType = file.storyboard; name = Base; path = Base.lproj/LaunchScreen.storyboard; sourceTree = "<group>"; };
		BD1E1CF9257F8133004A4FBF /* Info.plist */ = {isa = PBXFileReference; lastKnownFileType = text.plist.xml; path = Info.plist; sourceTree = "<group>"; };
		CEE123EC257FC70A00A669F6 /* Main.storyboard */ = {isa = PBXFileReference; lastKnownFileType = file.storyboard; path = Main.storyboard; sourceTree = "<group>"; };
		CEE123F0257FCD9000A669F6 /* menuCollectionViewCell.swift */ = {isa = PBXFileReference; lastKnownFileType = sourcecode.swift; path = menuCollectionViewCell.swift; sourceTree = "<group>"; };
		CEE123F1257FCD9000A669F6 /* menuCollectionViewCell.xib */ = {isa = PBXFileReference; lastKnownFileType = file.xib; path = menuCollectionViewCell.xib; sourceTree = "<group>"; };
		CEE123F5257FCEAE00A669F6 /* HomeViewController.swift */ = {isa = PBXFileReference; lastKnownFileType = sourcecode.swift; path = HomeViewController.swift; sourceTree = "<group>"; };
		CEE123F8257FDFD100A669F6 /* detailTableViewCell.swift */ = {isa = PBXFileReference; lastKnownFileType = sourcecode.swift; path = detailTableViewCell.swift; sourceTree = "<group>"; };
		CEE123F9257FDFD100A669F6 /* detailTableViewCell.xib */ = {isa = PBXFileReference; lastKnownFileType = file.xib; path = detailTableViewCell.xib; sourceTree = "<group>"; };
/* End PBXFileReference section */

/* Begin PBXFrameworksBuildPhase section */
		BD1E1CE5257F8133004A4FBF /* Frameworks */ = {
			isa = PBXFrameworksBuildPhase;
			buildActionMask = 2147483647;
			files = (
			);
			runOnlyForDeploymentPostprocessing = 0;
		};
/* End PBXFrameworksBuildPhase section */

/* Begin PBXGroup section */
		BD1E1CDF257F8133004A4FBF = {
			isa = PBXGroup;
			children = (
				BD1E1CEA257F8133004A4FBF /* Supermarket */,
				BD1E1CE9257F8133004A4FBF /* Products */,
			);
			sourceTree = "<group>";
		};
		BD1E1CE9257F8133004A4FBF /* Products */ = {
			isa = PBXGroup;
			children = (
				BD1E1CE8257F8133004A4FBF /* Supermarket.app */,
			);
			name = Products;
			sourceTree = "<group>";
		};
		BD1E1CEA257F8133004A4FBF /* Supermarket */ = {
			isa = PBXGroup;
			children = (
				CEE123EF257FCD6E00A669F6 /* Cell */,
				BD1E1CEB257F8133004A4FBF /* AppDelegate.swift */,
				BD1E1CED257F8133004A4FBF /* SceneDelegate.swift */,
				CEE123F5257FCEAE00A669F6 /* HomeViewController.swift */,
				BD1E1CF4257F8133004A4FBF /* Assets.xcassets */,
				BD1E1CF6257F8133004A4FBF /* LaunchScreen.storyboard */,
				BD1E1CF9257F8133004A4FBF /* Info.plist */,
				CEE123EC257FC70A00A669F6 /* Main.storyboard */,
			);
			path = Supermarket;
			sourceTree = "<group>";
		};
		CEE123EF257FCD6E00A669F6 /* Cell */ = {
			isa = PBXGroup;
			children = (
				CEE123F0257FCD9000A669F6 /* menuCollectionViewCell.swift */,
				CEE123F1257FCD9000A669F6 /* menuCollectionViewCell.xib */,
				CEE123F8257FDFD100A669F6 /* detailTableViewCell.swift */,
				CEE123F9257FDFD100A669F6 /* detailTableViewCell.xib */,
			);
			path = Cell;
			sourceTree = "<group>";
		};
/* End PBXGroup section */

/* Begin PBXNativeTarget section */
		BD1E1CE7257F8133004A4FBF /* Supermarket */ = {
			isa = PBXNativeTarget;
			buildConfigurationList = BD1E1CFC257F8133004A4FBF /* Build configuration list for PBXNativeTarget "Supermarket" */;
			buildPhases = (
				BD1E1CE4257F8133004A4FBF /* Sources */,
				BD1E1CE5257F8133004A4FBF /* Frameworks */,
				BD1E1CE6257F8133004A4FBF /* Resources */,
			);
			buildRules = (
			);
			dependencies = (
			);
			name = Supermarket;
			productName = Supermarket;
			productReference = BD1E1CE8257F8133004A4FBF /* Supermarket.app */;
			productType = "com.apple.product-type.application";
		};
/* End PBXNativeTarget section */

/* Begin PBXProject section */
		BD1E1CE0257F8133004A4FBF /* Project object */ = {
			isa = PBXProject;
			attributes = {
				LastSwiftUpdateCheck = 1220;
				LastUpgradeCheck = 1220;
				TargetAttributes = {
					BD1E1CE7257F8133004A4FBF = {
						CreatedOnToolsVersion = 12.2;
					};
				};
			};
			buildConfigurationList = BD1E1CE3257F8133004A4FBF /* Build configuration list for PBXProject "Supermarket" */;
			compatibilityVersion = "Xcode 9.3";
			developmentRegion = en;
			hasScannedForEncodings = 0;
			knownRegions = (
				en,
				Base,
			);
			mainGroup = BD1E1CDF257F8133004A4FBF;
			productRefGroup = BD1E1CE9257F8133004A4FBF /* Products */;
			projectDirPath = "";
			projectRoot = "";
			targets = (
				BD1E1CE7257F8133004A4FBF /* Supermarket */,
			);
		};
/* End PBXProject section */

/* Begin PBXResourcesBuildPhase section */
		BD1E1CE6257F8133004A4FBF /* Resources */ = {
			isa = PBXResourcesBuildPhase;
			buildActionMask = 2147483647;
			files = (
				CEE123ED257FC70A00A669F6 /* Main.storyboard in Resources */,
				BD1E1CF8257F8133004A4FBF /* LaunchScreen.storyboard in Resources */,
				BD1E1CF5257F8133004A4FBF /* Assets.xcassets in Resources */,
				CEE123F3257FCD9000A669F6 /* menuCollectionViewCell.xib in Resources */,
				CEE123FB257FDFD100A669F6 /* detailTableViewCell.xib in Resources */,
			);
			runOnlyForDeploymentPostprocessing = 0;
		};
/* End PBXResourcesBuildPhase section */

/* Begin PBXSourcesBuildPhase section */
		BD1E1CE4257F8133004A4FBF /* Sources */ = {
			isa = PBXSourcesBuildPhase;
			buildActionMask = 2147483647;
			files = (
				BD1E1CEC257F8133004A4FBF /* AppDelegate.swift in Sources */,
				BD1E1CEE257F8133004A4FBF /* SceneDelegate.swift in Sources */,
				CEE123F2257FCD9000A669F6 /* menuCollectionViewCell.swift in Sources */,
				CEE123F6257FCEAE00A669F6 /* HomeViewController.swift in Sources */,
				CEE123FA257FDFD100A669F6 /* detailTableViewCell.swift in Sources */,
			);
			runOnlyForDeploymentPostprocessing = 0;
		};
/* End PBXSourcesBuildPhase section */

/* Begin PBXVariantGroup section */
		BD1E1CF6257F8133004A4FBF /* LaunchScreen.storyboard */ = {
			isa = PBXVariantGroup;
			children = (
				BD1E1CF7257F8133004A4FBF /* Base */,
			);
			name = LaunchScreen.storyboard;
			sourceTree = "<group>";
		};
/* End PBXVariantGroup section */

/* Begin XCBuildConfiguration section */
		BD1E1CFA257F8133004A4FBF /* Debug */ = {
			isa = XCBuildConfiguration;
			buildSettings = {
				ALWAYS_SEARCH_USER_PATHS = NO;
				CLANG_ANALYZER_NONNULL = YES;
				CLANG_ANALYZER_NUMBER_OBJECT_CONVERSION = YES_AGGRESSIVE;
				CLANG_CXX_LANGUAGE_STANDARD = "gnu++14";
				CLANG_CXX_LIBRARY = "libc++";
				CLANG_ENABLE_MODULES = YES;
				CLANG_ENABLE_OBJC_ARC = YES;
				CLANG_ENABLE_OBJC_WEAK = YES;
				CLANG_WARN_BLOCK_CAPTURE_AUTORELEASING = YES;
				CLANG_WARN_BOOL_CONVERSION = YES;
				CLANG_WARN_COMMA = YES;
				CLANG_WARN_CONSTANT_CONVERSION = YES;
				CLANG_WARN_DEPRECATED_OBJC_IMPLEMENTATIONS = YES;
				CLANG_WARN_DIRECT_OBJC_ISA_USAGE = YES_ERROR;
				CLANG_WARN_DOCUMENTATION_COMMENTS = YES;
				CLANG_WARN_EMPTY_BODY = YES;
				CLANG_WARN_ENUM_CONVERSION = YES;
				CLANG_WARN_INFINITE_RECURSION = YES;
				CLANG_WARN_INT_CONVERSION = YES;
				CLANG_WARN_NON_LITERAL_NULL_CONVERSION = YES;
				CLANG_WARN_OBJC_IMPLICIT_RETAIN_SELF = YES;
				CLANG_WARN_OBJC_LITERAL_CONVERSION = YES;
				CLANG_WARN_OBJC_ROOT_CLASS = YES_ERROR;
				CLANG_WARN_QUOTED_INCLUDE_IN_FRAMEWORK_HEADER = YES;
				CLANG_WARN_RANGE_LOOP_ANALYSIS = YES;
				CLANG_WARN_STRICT_PROTOTYPES = YES;
				CLANG_WARN_SUSPICIOUS_MOVE = YES;
				CLANG_WARN_UNGUARDED_AVAILABILITY = YES_AGGRESSIVE;
				CLANG_WARN_UNREACHABLE_CODE = YES;
				CLANG_WARN__DUPLICATE_METHOD_MATCH = YES;
				COPY_PHASE_STRIP = NO;
				DEBUG_INFORMATION_FORMAT = dwarf;
				ENABLE_STRICT_OBJC_MSGSEND = YES;
				ENABLE_TESTABILITY = YES;
				GCC_C_LANGUAGE_STANDARD = gnu11;
				GCC_DYNAMIC_NO_PIC = NO;
				GCC_NO_COMMON_BLOCKS = YES;
				GCC_OPTIMIZATION_LEVEL = 0;
				GCC_PREPROCESSOR_DEFINITIONS = (
					"DEBUG=1",
					"$(inherited)",
				);
				GCC_WARN_64_TO_32_BIT_CONVERSION = YES;
				GCC_WARN_ABOUT_RETURN_TYPE = YES_ERROR;
				GCC_WARN_UNDECLARED_SELECTOR = YES;
				GCC_WARN_UNINITIALIZED_AUTOS = YES_AGGRESSIVE;
				GCC_WARN_UNUSED_FUNCTION = YES;
				GCC_WARN_UNUSED_VARIABLE = YES;
				IPHONEOS_DEPLOYMENT_TARGET = 14.2;
				MTL_ENABLE_DEBUG_INFO = INCLUDE_SOURCE;
				MTL_FAST_MATH = YES;
				ONLY_ACTIVE_ARCH = YES;
				SDKROOT = iphoneos;
				SWIFT_ACTIVE_COMPILATION_CONDITIONS = DEBUG;
				SWIFT_OPTIMIZATION_LEVEL = "-Onone";
			};
			name = Debug;
		};
		BD1E1CFB257F8133004A4FBF /* Release */ = {
			isa = XCBuildConfiguration;
			buildSettings = {
				ALWAYS_SEARCH_USER_PATHS = NO;
				CLANG_ANALYZER_NONNULL = YES;
				CLANG_ANALYZER_NUMBER_OBJECT_CONVERSION = YES_AGGRESSIVE;
				CLANG_CXX_LANGUAGE_STANDARD = "gnu++14";
				CLANG_CXX_LIBRARY = "libc++";
				CLANG_ENABLE_MODULES = YES;
				CLANG_ENABLE_OBJC_ARC = YES;
				CLANG_ENABLE_OBJC_WEAK = YES;
				CLANG_WARN_BLOCK_CAPTURE_AUTORELEASING = YES;
				CLANG_WARN_BOOL_CONVERSION = YES;
				CLANG_WARN_COMMA = YES;
				CLANG_WARN_CONSTANT_CONVERSION = YES;
				CLANG_WARN_DEPRECATED_OBJC_IMPLEMENTATIONS = YES;
				CLANG_WARN_DIRECT_OBJC_ISA_USAGE = YES_ERROR;
				CLANG_WARN_DOCUMENTATION_COMMENTS = YES;
				CLANG_WARN_EMPTY_BODY = YES;
				CLANG_WARN_ENUM_CONVERSION = YES;
				CLANG_WARN_INFINITE_RECURSION = YES;
				CLANG_WARN_INT_CONVERSION = YES;
				CLANG_WARN_NON_LITERAL_NULL_CONVERSION = YES;
				CLANG_WARN_OBJC_IMPLICIT_RETAIN_SELF = YES;
				CLANG_WARN_OBJC_LITERAL_CONVERSION = YES;
				CLANG_WARN_OBJC_ROOT_CLASS = YES_ERROR;
				CLANG_WARN_QUOTED_INCLUDE_IN_FRAMEWORK_HEADER = YES;
				CLANG_WARN_RANGE_LOOP_ANALYSIS = YES;
				CLANG_WARN_STRICT_PROTOTYPES = YES;
				CLANG_WARN_SUSPICIOUS_MOVE = YES;
				CLANG_WARN_UNGUARDED_AVAILABILITY = YES_AGGRESSIVE;
				CLANG_WARN_UNREACHABLE_CODE = YES;
				CLANG_WARN__DUPLICATE_METHOD_MATCH = YES;
				COPY_PHASE_STRIP = NO;
				DEBUG_INFORMATION_FORMAT = "dwarf-with-dsym";
				ENABLE_NS_ASSERTIONS = NO;
				ENABLE_STRICT_OBJC_MSGSEND = YES;
				GCC_C_LANGUAGE_STANDARD = gnu11;
				GCC_NO_COMMON_BLOCKS = YES;
				GCC_WARN_64_TO_32_BIT_CONVERSION = YES;
				GCC_WARN_ABOUT_RETURN_TYPE = YES_ERROR;
				GCC_WARN_UNDECLARED_SELECTOR = YES;
				GCC_WARN_UNINITIALIZED_AUTOS = YES_AGGRESSIVE;
				GCC_WARN_UNUSED_FUNCTION = YES;
				GCC_WARN_UNUSED_VARIABLE = YES;
				IPHONEOS_DEPLOYMENT_TARGET = 14.2;
				MTL_ENABLE_DEBUG_INFO = NO;
				MTL_FAST_MATH = YES;
				SDKROOT = iphoneos;
				SWIFT_COMPILATION_MODE = wholemodule;
				SWIFT_OPTIMIZATION_LEVEL = "-O";
				VALIDATE_PRODUCT = YES;
			};
			name = Release;
		};
		BD1E1CFD257F8133004A4FBF /* Debug */ = {
			isa = XCBuildConfiguration;
			buildSettings = {
				ASSETCATALOG_COMPILER_APPICON_NAME = AppIcon;
				ASSETCATALOG_COMPILER_GLOBAL_ACCENT_COLOR_NAME = AccentColor;
				CODE_SIGN_STYLE = Automatic;
				INFOPLIST_FILE = Supermarket/Info.plist;
				LD_RUNPATH_SEARCH_PATHS = (
					"$(inherited)",
					"@executable_path/Frameworks",
				);
				PRODUCT_BUNDLE_IDENTIFIER = vn.miichisoft.Supermarket;
				PRODUCT_NAME = "$(TARGET_NAME)";
				SWIFT_VERSION = 5.0;
				TARGETED_DEVICE_FAMILY = "1,2";
			};
			name = Debug;
		};
		BD1E1CFE257F8133004A4FBF /* Release */ = {
			isa = XCBuildConfiguration;
			buildSettings = {
				ASSETCATALOG_COMPILER_APPICON_NAME = AppIcon;
				ASSETCATALOG_COMPILER_GLOBAL_ACCENT_COLOR_NAME = AccentColor;
				CODE_SIGN_STYLE = Automatic;
				INFOPLIST_FILE = Supermarket/Info.plist;
				LD_RUNPATH_SEARCH_PATHS = (
					"$(inherited)",
					"@executable_path/Frameworks",
				);
				PRODUCT_BUNDLE_IDENTIFIER = vn.miichisoft.Supermarket;
				PRODUCT_NAME = "$(TARGET_NAME)";
				SWIFT_VERSION = 5.0;
				TARGETED_DEVICE_FAMILY = "1,2";
			};
			name = Release;
		};
/* End XCBuildConfiguration section */

/* Begin XCConfigurationList section */
		BD1E1CE3257F8133004A4FBF /* Build configuration list for PBXProject "Supermarket" */ = {
			isa = XCConfigurationList;
			buildConfigurations = (
				BD1E1CFA257F8133004A4FBF /* Debug */,
				BD1E1CFB257F8133004A4FBF /* Release */,
			);
			defaultConfigurationIsVisible = 0;
			defaultConfigurationName = Release;
		};
		BD1E1CFC257F8133004A4FBF /* Build configuration list for PBXNativeTarget "Supermarket" */ = {
			isa = XCConfigurationList;
			buildConfigurations = (
				BD1E1CFD257F8133004A4FBF /* Debug */,
				BD1E1CFE257F8133004A4FBF /* Release */,
			);
			defaultConfigurationIsVisible = 0;
			defaultConfigurationName = Release;
		};
/* End XCConfigurationList section */
	};
	rootObject = BD1E1CE0257F8133004A4FBF /* Project object */;
}
